// !$*UTF8*$!
{
	archiveVersion = 1;
	classes = {
	};
	objectVersion = 46;
	objects = {

/* Begin PBXBuildFile section */
		53B6BC8019D366F8008ACA14 /* AppDelegate.swift in Sources */ = {isa = PBXBuildFile; fileRef = 53B6BC7F19D366F8008ACA14 /* AppDelegate.swift */; };
		53B6BC8219D366F8008ACA14 /* ViewController.swift in Sources */ = {isa = PBXBuildFile; fileRef = 53B6BC8119D366F8008ACA14 /* ViewController.swift */; };
		53B6BC8519D366F8008ACA14 /* Main.storyboard in Resources */ = {isa = PBXBuildFile; fileRef = 53B6BC8319D366F8008ACA14 /* Main.storyboard */; };
		53B6BC8719D366F8008ACA14 /* Images.xcassets in Resources */ = {isa = PBXBuildFile; fileRef = 53B6BC8619D366F8008ACA14 /* Images.xcassets */; };
		53B6BC8A19D366F8008ACA14 /* LaunchScreen.xib in Resources */ = {isa = PBXBuildFile; fileRef = 53B6BC8819D366F8008ACA14 /* LaunchScreen.xib */; };
		53B6BC9619D366F8008ACA14 /* adaptativeWeatherTests.swift in Sources */ = {isa = PBXBuildFile; fileRef = 53B6BC9519D366F8008ACA14 /* adaptativeWeatherTests.swift */; };
/* End PBXBuildFile section */

/* Begin PBXContainerItemProxy section */
		53B6BC9019D366F8008ACA14 /* PBXContainerItemProxy */ = {
			isa = PBXContainerItemProxy;
			containerPortal = 53B6BC7219D366F8008ACA14 /* Project object */;
			proxyType = 1;
			remoteGlobalIDString = 53B6BC7919D366F8008ACA14;
			remoteInfo = adaptativeWeather;
		};
/* End PBXContainerItemProxy section */

/* Begin PBXFileReference section */
		53B6BC7A19D366F8008ACA14 /* adaptativeWeather.app */ = {isa = PBXFileReference; explicitFileType = wrapper.application; includeInIndex = 0; path = adaptativeWeather.app; sourceTree = BUILT_PRODUCTS_DIR; };
		53B6BC7E19D366F8008ACA14 /* Info.plist */ = {isa = PBXFileReference; lastKnownFileType = text.plist.xml; path = Info.plist; sourceTree = "<group>"; };
		53B6BC7F19D366F8008ACA14 /* AppDelegate.swift */ = {isa = PBXFileReference; lastKnownFileType = sourcecode.swift; path = AppDelegate.swift; sourceTree = "<group>"; };
		53B6BC8119D366F8008ACA14 /* ViewController.swift */ = {isa = PBXFileReference; lastKnownFileType = sourcecode.swift; path = ViewController.swift; sourceTree = "<group>"; };
		53B6BC8419D366F8008ACA14 /* Base */ = {isa = PBXFileReference; lastKnownFileType = file.storyboard; name = Base; path = Base.lproj/Main.storyboard; sourceTree = "<group>"; };
		53B6BC8619D366F8008ACA14 /* Images.xcassets */ = {isa = PBXFileReference; lastKnownFileType = folder.assetcatalog; path = Images.xcassets; sourceTree = "<group>"; };
		53B6BC8919D366F8008ACA14 /* Base */ = {isa = PBXFileReference; lastKnownFileType = file.xib; name = Base; path = Base.lproj/LaunchScreen.xib; sourceTree = "<group>"; };
		53B6BC8F19D366F8008ACA14 /* adaptativeWeatherTests.xctest */ = {isa = PBXFileReference; explicitFileType = wrapper.cfbundle; includeInIndex = 0; path = adaptativeWeatherTests.xctest; sourceTree = BUILT_PRODUCTS_DIR; };
		53B6BC9419D366F8008ACA14 /* Info.plist */ = {isa = PBXFileReference; lastKnownFileType = text.plist.xml; path = Info.plist; sourceTree = "<group>"; };
		53B6BC9519D366F8008ACA14 /* adaptativeWeatherTests.swift */ = {isa = PBXFileReference; lastKnownFileType = sourcecode.swift; path = adaptativeWeatherTests.swift; sourceTree = "<group>"; };
/* End PBXFileReference section */

/* Begin PBXFrameworksBuildPhase section */
		53B6BC7719D366F8008ACA14 /* Frameworks */ = {
			isa = PBXFrameworksBuildPhase;
			buildActionMask = 2147483647;
			files = (
			);
			runOnlyForDeploymentPostprocessing = 0;
		};
		53B6BC8C19D366F8008ACA14 /* Frameworks */ = {
			isa = PBXFrameworksBuildPhase;
			buildActionMask = 2147483647;
			files = (
			);
			runOnlyForDeploymentPostprocessing = 0;
		};
/* End PBXFrameworksBuildPhase section */

/* Begin PBXGroup section */
		53B6BC7119D366F8008ACA14 = {
			isa = PBXGroup;
			children = (
				53B6BC7C19D366F8008ACA14 /* adaptativeWeather */,
				53B6BC9219D366F8008ACA14 /* adaptativeWeatherTests */,
				53B6BC7B19D366F8008ACA14 /* Products */,
			);
			sourceTree = "<group>";
		};
		53B6BC7B19D366F8008ACA14 /* Products */ = {
			isa = PBXGroup;
			children = (
				53B6BC7A19D366F8008ACA14 /* adaptativeWeather.app */,
				53B6BC8F19D366F8008ACA14 /* adaptativeWeatherTests.xctest */,
			);
			name = Products;
			sourceTree = "<group>";
		};
		53B6BC7C19D366F8008ACA14 /* adaptativeWeather */ = {
			isa = PBXGroup;
			children = (
				53B6BC7F19D366F8008ACA14 /* AppDelegate.swift */,
				53B6BC8119D366F8008ACA14 /* ViewController.swift */,
				53B6BC8319D366F8008ACA14 /* Main.storyboard */,
				53B6BC8619D366F8008ACA14 /* Images.xcassets */,
				53B6BC8819D366F8008ACA14 /* LaunchScreen.xib */,
				53B6BC7D19D366F8008ACA14 /* Supporting Files */,
			);
			path = adaptativeWeather;
			sourceTree = "<group>";
		};
		53B6BC7D19D366F8008ACA14 /* Supporting Files */ = {
			isa = PBXGroup;
			children = (
				53B6BC7E19D366F8008ACA14 /* Info.plist */,
			);
			name = "Supporting Files";
			sourceTree = "<group>";
		};
		53B6BC9219D366F8008ACA14 /* adaptativeWeatherTests */ = {
			isa = PBXGroup;
			children = (
				53B6BC9519D366F8008ACA14 /* adaptativeWeatherTests.swift */,
				53B6BC9319D366F8008ACA14 /* Supporting Files */,
			);
			path = adaptativeWeatherTests;
			sourceTree = "<group>";
		};
		53B6BC9319D366F8008ACA14 /* Supporting Files */ = {
			isa = PBXGroup;
			children = (
				53B6BC9419D366F8008ACA14 /* Info.plist */,
			);
			name = "Supporting Files";
			sourceTree = "<group>";
		};
/* End PBXGroup section */

/* Begin PBXNativeTarget section */
		53B6BC7919D366F8008ACA14 /* adaptativeWeather */ = {
			isa = PBXNativeTarget;
			buildConfigurationList = 53B6BC9919D366F8008ACA14 /* Build configuration list for PBXNativeTarget "adaptativeWeather" */;
			buildPhases = (
				53B6BC7619D366F8008ACA14 /* Sources */,
				53B6BC7719D366F8008ACA14 /* Frameworks */,
				53B6BC7819D366F8008ACA14 /* Resources */,
			);
			buildRules = (
			);
			dependencies = (
			);
			name = adaptativeWeather;
			productName = adaptativeWeather;
			productReference = 53B6BC7A19D366F8008ACA14 /* adaptativeWeather.app */;
			productType = "com.apple.product-type.application";
		};
		53B6BC8E19D366F8008ACA14 /* adaptativeWeatherTests */ = {
			isa = PBXNativeTarget;
			buildConfigurationList = 53B6BC9C19D366F8008ACA14 /* Build configuration list for PBXNativeTarget "adaptativeWeatherTests" */;
			buildPhases = (
				53B6BC8B19D366F8008ACA14 /* Sources */,
				53B6BC8C19D366F8008ACA14 /* Frameworks */,
				53B6BC8D19D366F8008ACA14 /* Resources */,
			);
			buildRules = (
			);
			dependencies = (
				53B6BC9119D366F8008ACA14 /* PBXTargetDependency */,
			);
			name = adaptativeWeatherTests;
			productName = adaptativeWeatherTests;
			productReference = 53B6BC8F19D366F8008ACA14 /* adaptativeWeatherTests.xctest */;
			productType = "com.apple.product-type.bundle.unit-test";
		};
/* End PBXNativeTarget section */

/* Begin PBXProject section */
		53B6BC7219D366F8008ACA14 /* Project object */ = {
			isa = PBXProject;
			attributes = {
				LastUpgradeCheck = 0600;
				ORGANIZATIONNAME = yreaction;
				TargetAttributes = {
					53B6BC7919D366F8008ACA14 = {
						CreatedOnToolsVersion = 6.0;
					};
					53B6BC8E19D366F8008ACA14 = {
						CreatedOnToolsVersion = 6.0;
						TestTargetID = 53B6BC7919D366F8008ACA14;
					};
				};
			};
			buildConfigurationList = 53B6BC7519D366F8008ACA14 /* Build configuration list for PBXProject "adaptativeWeather" */;
			compatibilityVersion = "Xcode 3.2";
			developmentRegion = English;
			hasScannedForEncodings = 0;
			knownRegions = (
				en,
				Base,
			);
			mainGroup = 53B6BC7119D366F8008ACA14;
			productRefGroup = 53B6BC7B19D366F8008ACA14 /* Products */;
			projectDirPath = "";
			projectRoot = "";
			targets = (
				53B6BC7919D366F8008ACA14 /* adaptativeWeather */,
				53B6BC8E19D366F8008ACA14 /* adaptativeWeatherTests */,
			);
		};
/* End PBXProject section */

/* Begin PBXResourcesBuildPhase section */
		53B6BC7819D366F8008ACA14 /* Resources */ = {
			isa = PBXResourcesBuildPhase;
			buildActionMask = 2147483647;
			files = (
				53B6BC8519D366F8008ACA14 /* Main.storyboard in Resources */,
				53B6BC8A19D366F8008ACA14 /* LaunchScreen.xib in Resources */,
				53B6BC8719D366F8008ACA14 /* Images.xcassets in Resources */,
			);
			runOnlyForDeploymentPostprocessing = 0;
		};
		53B6BC8D19D366F8008ACA14 /* Resources */ = {
			isa = PBXResourcesBuildPhase;
			buildActionMask = 2147483647;
			files = (
			);
			runOnlyForDeploymentPostprocessing = 0;
		};
/* End PBXResourcesBuildPhase section */

/* Begin PBXSourcesBuildPhase section */
		53B6BC7619D366F8008ACA14 /* Sources */ = {
			isa = PBXSourcesBuildPhase;
			buildActionMask = 2147483647;
			files = (
				53B6BC8219D366F8008ACA14 /* ViewController.swift in Sources */,
				53B6BC8019D366F8008ACA14 /* AppDelegate.swift in Sources */,
			);
			runOnlyForDeploymentPostprocessing = 0;
		};
		53B6BC8B19D366F8008ACA14 /* Sources */ = {
			isa = PBXSourcesBuildPhase;
			buildActionMask = 2147483647;
			files = (
				53B6BC9619D366F8008ACA14 /* adaptativeWeatherTests.swift in Sources */,
			);
			runOnlyForDeploymentPostprocessing = 0;
		};
/* End PBXSourcesBuildPhase section */

/* Begin PBXTargetDependency section */
		53B6BC9119D366F8008ACA14 /* PBXTargetDependency */ = {
			isa = PBXTargetDependency;
			target = 53B6BC7919D366F8008ACA14 /* adaptativeWeather */;
			targetProxy = 53B6BC9019D366F8008ACA14 /* PBXContainerItemProxy */;
		};
/* End PBXTargetDependency section */

/* Begin PBXVariantGroup section */
		53B6BC8319D366F8008ACA14 /* Main.storyboard */ = {
			isa = PBXVariantGroup;
			children = (
				53B6BC8419D366F8008ACA14 /* Base */,
			);
			name = Main.storyboard;
			sourceTree = "<group>";
		};
		53B6BC8819D366F8008ACA14 /* LaunchScreen.xib */ = {
			isa = PBXVariantGroup;
			children = (
				53B6BC8919D366F8008ACA14 /* Base */,
			);
			name = LaunchScreen.xib;
			sourceTree = "<group>";
		};
/* End PBXVariantGroup section */

/* Begin XCBuildConfiguration section */
		53B6BC9719D366F8008ACA14 /* Debug */ = {
			isa = XCBuildConfiguration;
			buildSettings = {
				ALWAYS_SEARCH_USER_PATHS = NO;
				CLANG_CXX_LANGUAGE_STANDARD = "gnu++0x";
				CLANG_CXX_LIBRARY = "libc++";
				CLANG_ENABLE_MODULES = YES;
				CLANG_ENABLE_OBJC_ARC = YES;
				CLANG_WARN_BOOL_CONVERSION = YES;
				CLANG_WARN_CONSTANT_CONVERSION = YES;
				CLANG_WARN_DIRECT_OBJC_ISA_USAGE = YES_ERROR;
				CLANG_WARN_EMPTY_BODY = YES;
				CLANG_WARN_ENUM_CONVERSION = YES;
				CLANG_WARN_INT_CONVERSION = YES;
				CLANG_WARN_OBJC_ROOT_CLASS = YES_ERROR;
				CLANG_WARN_UNREACHABLE_CODE = YES;
				CLANG_WARN__DUPLICATE_METHOD_MATCH = YES;
				"CODE_SIGN_IDENTITY[sdk=iphoneos*]" = "iPhone Developer";
				COPY_PHASE_STRIP = NO;
				ENABLE_STRICT_OBJC_MSGSEND = YES;
				GCC_C_LANGUAGE_STANDARD = gnu99;
				GCC_DYNAMIC_NO_PIC = NO;
				GCC_OPTIMIZATION_LEVEL = 0;
				GCC_PREPROCESSOR_DEFINITIONS = (
					"DEBUG=1",
					"$(inherited)",
				);
				GCC_SYMBOLS_PRIVATE_EXTERN = NO;
				GCC_WARN_64_TO_32_BIT_CONVERSION = YES;
				GCC_WARN_ABOUT_RETURN_TYPE = YES_ERROR;
				GCC_WARN_UNDECLARED_SELECTOR = YES;
				GCC_WARN_UNINITIALIZED_AUTOS = YES_AGGRESSIVE;
				GCC_WARN_UNUSED_FUNCTION = YES;
				GCC_WARN_UNUSED_VARIABLE = YES;
				IPHONEOS_DEPLOYMENT_TARGET = 8.0;
				MTL_ENABLE_DEBUG_INFO = YES;
				ONLY_ACTIVE_ARCH = YES;
				SDKROOT = iphoneos;
				SWIFT_OPTIMIZATION_LEVEL = "-Onone";
				TARGETED_DEVICE_FAMILY = "1,2";
			};
			name = Debug;
		};
		53B6BC9819D366F8008ACA14 /* Release */ = {
			isa = XCBuildConfiguration;
			buildSettings = {
				ALWAYS_SEARCH_USER_PATHS = NO;
				CLANG_CXX_LANGUAGE_STANDARD = "gnu++0x";
				CLANG_CXX_LIBRARY = "libc++";
				CLANG_ENABLE_MODULES = YES;
				CLANG_ENABLE_OBJC_ARC = YES;
				CLANG_WARN_BOOL_CONVERSION = YES;
				CLANG_WARN_CONSTANT_CONVERSION = YES;
				CLANG_WARN_DIRECT_OBJC_ISA_USAGE = YES_ERROR;
				CLANG_WARN_EMPTY_BODY = YES;
				CLANG_WARN_ENUM_CONVERSION = YES;
				CLANG_WARN_INT_CONVERSION = YES;
				CLANG_WARN_OBJC_ROOT_CLASS = YES_ERROR;
				CLANG_WARN_UNREACHABLE_CODE = YES;
				CLANG_WARN__DUPLICATE_METHOD_MATCH = YES;
				"CODE_SIGN_IDENTITY[sdk=iphoneos*]" = "iPhone Developer";
				COPY_PHASE_STRIP = YES;
				ENABLE_NS_ASSERTIONS = NO;
				ENABLE_STRICT_OBJC_MSGSEND = YES;
				GCC_C_LANGUAGE_STANDARD = gnu99;
				GCC_WARN_64_TO_32_BIT_CONVERSION = YES;
				GCC_WARN_ABOUT_RETURN_TYPE = YES_ERROR;
				GCC_WARN_UNDECLARED_SELECTOR = YES;
				GCC_WARN_UNINITIALIZED_AUTOS = YES_AGGRESSIVE;
				GCC_WARN_UNUSED_FUNCTION = YES;
				GCC_WARN_UNUSED_VARIABLE = YES;
				IPHONEOS_DEPLOYMENT_TARGET = 8.0;
				MTL_ENABLE_DEBUG_INFO = NO;
				SDKROOT = iphoneos;
				TARGETED_DEVICE_FAMILY = "1,2";
				VALIDATE_PRODUCT = YES;
			};
			name = Release;
		};
		53B6BC9A19D366F8008ACA14 /* Debug */ = {
			isa = XCBuildConfiguration;
			buildSettings = {
				ASSETCATALOG_COMPILER_APPICON_NAME = AppIcon;
				INFOPLIST_FILE = adaptativeWeather/Info.plist;
				LD_RUNPATH_SEARCH_PATHS = "$(inherited) @executable_path/Frameworks";
				PRODUCT_NAME = "$(TARGET_NAME)";
			};
			name = Debug;
		};
		53B6BC9B19D366F8008ACA14 /* Release */ = {
			isa = XCBuildConfiguration;
			buildSettings = {
				ASSETCATALOG_COMPILER_APPICON_NAME = AppIcon;
				INFOPLIST_FILE = adaptativeWeather/Info.plist;
				LD_RUNPATH_SEARCH_PATHS = "$(inherited) @executable_path/Frameworks";
				PRODUCT_NAME = "$(TARGET_NAME)";
			};
			name = Release;
		};
		53B6BC9D19D366F8008ACA14 /* Debug */ = {
			isa = XCBuildConfiguration;
			buildSettings = {
				BUNDLE_LOADER = "$(TEST_HOST)";
				FRAMEWORK_SEARCH_PATHS = (
					"$(SDKROOT)/Developer/Library/Frameworks",
					"$(inherited)",
				);
				GCC_PREPROCESSOR_DEFINITIONS = (
					"DEBUG=1",
					"$(inherited)",
				);
				INFOPLIST_FILE = adaptativeWeatherTests/Info.plist;
				LD_RUNPATH_SEARCH_PATHS = "$(inherited) @executable_path/Frameworks @loader_path/Frameworks";
				PRODUCT_NAME = "$(TARGET_NAME)";
				TEST_HOST = "$(BUILT_PRODUCTS_DIR)/adaptativeWeather.app/adaptativeWeather";
			};
			name = Debug;
		};
		53B6BC9E19D366F8008ACA14 /* Release */ = {
			isa = XCBuildConfiguration;
			buildSettings = {
				BUNDLE_LOADER = "$(TEST_HOST)";
				FRAMEWORK_SEARCH_PATHS = (
					"$(SDKROOT)/Developer/Library/Frameworks",
					"$(inherited)",
				);
				INFOPLIST_FILE = adaptativeWeatherTests/Info.plist;
				LD_RUNPATH_SEARCH_PATHS = "$(inherited) @executable_path/Frameworks @loader_path/Frameworks";
				PRODUCT_NAME = "$(TARGET_NAME)";
				TEST_HOST = "$(BUILT_PRODUCTS_DIR)/adaptativeWeather.app/adaptativeWeather";
			};
			name = Release;
		};
/* End XCBuildConfiguration section */

/* Begin XCConfigurationList section */
		53B6BC7519D366F8008ACA14 /* Build configuration list for PBXProject "adaptativeWeather" */ = {
			isa = XCConfigurationList;
			buildConfigurations = (
				53B6BC9719D366F8008ACA14 /* Debug */,
				53B6BC9819D366F8008ACA14 /* Release */,
			);
			defaultConfigurationIsVisible = 0;
			defaultConfigurationName = Release;
		};
		53B6BC9919D366F8008ACA14 /* Build configuration list for PBXNativeTarget "adaptativeWeather" */ = {
			isa = XCConfigurationList;
			buildConfigurations = (
				53B6BC9A19D366F8008ACA14 /* Debug */,
				53B6BC9B19D366F8008ACA14 /* Release */,
			);
			defaultConfigurationIsVisible = 0;
		};
		53B6BC9C19D366F8008ACA14 /* Build configuration list for PBXNativeTarget "adaptativeWeatherTests" */ = {
			isa = XCConfigurationList;
			buildConfigurations = (
				53B6BC9D19D366F8008ACA14 /* Debug */,
				53B6BC9E19D366F8008ACA14 /* Release */,
			);
			defaultConfigurationIsVisible = 0;
		};
/* End XCConfigurationList section */
	};
	rootObject = 53B6BC7219D366F8008ACA14 /* Project object */;
}
